
Microsoft Visual Studio Solution File, Format Version 12.00
# Visual Studio Version 17
VisualStudioVersion = 17.11.35312.102
MinimumVisualStudioVersion = 10.0.40219.1
Project("{8BC9CEB8-8B4A-11D0-8D11-00A0C91BC942}") = "1259팰린드롬수", "1259팰린드롬수.vcxproj", "{495F1FFA-F45F-499D-A0AF-87419577226B}"
EndProject
Global
	GlobalSection(SolutionConfigurationPlatforms) = preSolution
		Debug|x64 = Debug|x64
		Debug|x86 = Debug|x86
		Release|x64 = Release|x64
		Release|x86 = Release|x86
	EndGlobalSection
	GlobalSection(ProjectConfigurationPlatforms) = postSolution
		{495F1FFA-F45F-499D-A0AF-87419577226B}.Debug|x64.ActiveCfg = Debug|x64
		{495F1FFA-F45F-499D-A0AF-87419577226B}.Debug|x64.Build.0 = Debug|x64
		{495F1FFA-F45F-499D-A0AF-87419577226B}.Debug|x86.ActiveCfg = Debug|Win32
		{495F1FFA-F45F-499D-A0AF-87419577226B}.Debug|x86.Build.0 = Debug|Win32
		{495F1FFA-F45F-499D-A0AF-87419577226B}.Release|x64.ActiveCfg = Release|x64
		{495F1FFA-F45F-499D-A0AF-87419577226B}.Release|x64.Build.0 = Release|x64
		{495F1FFA-F45F-499D-A0AF-87419577226B}.Release|x86.ActiveCfg = Release|Win32
		{495F1FFA-F45F-499D-A0AF-87419577226B}.Release|x86.Build.0 = Release|Win32
	EndGlobalSection
	GlobalSection(SolutionProperties) = preSolution
		HideSolutionNode = FALSE
	EndGlobalSection
	GlobalSection(ExtensibilityGlobals) = postSolution
		SolutionGuid = {E58F0E61-F7A8-4CA7-A099-BBCBA5D1E53C}
	EndGlobalSection
EndGlobal
